// !$*UTF8*$!
{
	archiveVersion = 1;
	classes = {
	};
	objectVersion = 55;
	objects = {

/* Begin PBXBuildFile section */
		81193E832C346EE0003298A9 /* PhotosViewController.swift in Sources */ = {isa = PBXBuildFile; fileRef = 81193E822C346EE0003298A9 /* PhotosViewController.swift */; };
		81193E852C352BF5003298A9 /* PhotosModel.swift in Sources */ = {isa = PBXBuildFile; fileRef = 81193E842C352BF5003298A9 /* PhotosModel.swift */; };
		81193EBA2C353D72003298A9 /* PhotoNetwork.swift in Sources */ = {isa = PBXBuildFile; fileRef = 81193EB92C353D72003298A9 /* PhotoNetwork.swift */; };
		81193EE02C354BAA003298A9 /* PhotosTableViewCell.swift in Sources */ = {isa = PBXBuildFile; fileRef = 81193EDF2C354BAA003298A9 /* PhotosTableViewCell.swift */; };
		81193EF42C36DA10003298A9 /* NetworkManager.swift in Sources */ = {isa = PBXBuildFile; fileRef = 81193EF32C36DA10003298A9 /* NetworkManager.swift */; };
		81193EF62C36DBEF003298A9 /* CommentModelWithPrototype.swift in Sources */ = {isa = PBXBuildFile; fileRef = 81193EF52C36DBEF003298A9 /* CommentModelWithPrototype.swift */; };
		81DE7E122C2861C000BDF397 /* AlbumsModel.swift in Sources */ = {isa = PBXBuildFile; fileRef = 81DE7E112C2861C000BDF397 /* AlbumsModel.swift */; };
		81DE7E152C28622900BDF397 /* ToDosModel.swift in Sources */ = {isa = PBXBuildFile; fileRef = 81DE7E142C28622900BDF397 /* ToDosModel.swift */; };
		81DE7E1C2C28639D00BDF397 /* Endpoints.swift in Sources */ = {isa = PBXBuildFile; fileRef = 81DE7E1B2C28639D00BDF397 /* Endpoints.swift */; };
		81DE7E1F2C28650400BDF397 /* AlbumsViewController.swift in Sources */ = {isa = PBXBuildFile; fileRef = 81DE7E1E2C28650400BDF397 /* AlbumsViewController.swift */; };
		81DE7E212C28672D00BDF397 /* TabBarController.swift in Sources */ = {isa = PBXBuildFile; fileRef = 81DE7E202C28672D00BDF397 /* TabBarController.swift */; };
		81DE7E232C2867FE00BDF397 /* ToDosViewController.swift in Sources */ = {isa = PBXBuildFile; fileRef = 81DE7E222C2867FE00BDF397 /* ToDosViewController.swift */; };
		81DE7E2B2C28779F00BDF397 /* NetworkErrors.swift in Sources */ = {isa = PBXBuildFile; fileRef = 81DE7E2A2C28779F00BDF397 /* NetworkErrors.swift */; };
		8E360B55270F2ED00034C4F3 /* AppDelegate.swift in Sources */ = {isa = PBXBuildFile; fileRef = 8E360B54270F2ED00034C4F3 /* AppDelegate.swift */; };
		8E360B57270F2ED00034C4F3 /* SceneDelegate.swift in Sources */ = {isa = PBXBuildFile; fileRef = 8E360B56270F2ED00034C4F3 /* SceneDelegate.swift */; };
		8E360B59270F2ED00034C4F3 /* PostsViewController.swift in Sources */ = {isa = PBXBuildFile; fileRef = 8E360B58270F2ED00034C4F3 /* PostsViewController.swift */; };
		8E360B5E270F2ED00034C4F3 /* Assets.xcassets in Resources */ = {isa = PBXBuildFile; fileRef = 8E360B5D270F2ED00034C4F3 /* Assets.xcassets */; };
		8E360B69270F2EEA0034C4F3 /* PostsModel.swift in Sources */ = {isa = PBXBuildFile; fileRef = 8E360B68270F2EEA0034C4F3 /* PostsModel.swift */; };
		8E360B6D270F36D00034C4F3 /* ApiService.swift in Sources */ = {isa = PBXBuildFile; fileRef = 8E360B6C270F36D00034C4F3 /* ApiService.swift */; };
/* End PBXBuildFile section */

/* Begin PBXCopyFilesBuildPhase section */
		81193ECB2C354701003298A9 /* Embed Frameworks */ = {
			isa = PBXCopyFilesBuildPhase;
			buildActionMask = 2147483647;
			dstPath = "";
			dstSubfolderSpec = 10;
			files = (
			);
			name = "Embed Frameworks";
			runOnlyForDeploymentPostprocessing = 0;
		};
/* End PBXCopyFilesBuildPhase section */

/* Begin PBXFileReference section */
		81193E822C346EE0003298A9 /* PhotosViewController.swift */ = {isa = PBXFileReference; lastKnownFileType = sourcecode.swift; path = PhotosViewController.swift; sourceTree = "<group>"; };
		81193E842C352BF5003298A9 /* PhotosModel.swift */ = {isa = PBXFileReference; lastKnownFileType = sourcecode.swift; path = PhotosModel.swift; sourceTree = "<group>"; };
		81193EB92C353D72003298A9 /* PhotoNetwork.swift */ = {isa = PBXFileReference; lastKnownFileType = sourcecode.swift; path = PhotoNetwork.swift; sourceTree = "<group>"; };
		81193EDF2C354BAA003298A9 /* PhotosTableViewCell.swift */ = {isa = PBXFileReference; lastKnownFileType = sourcecode.swift; path = PhotosTableViewCell.swift; sourceTree = "<group>"; };
		81193EF32C36DA10003298A9 /* NetworkManager.swift */ = {isa = PBXFileReference; lastKnownFileType = sourcecode.swift; path = NetworkManager.swift; sourceTree = "<group>"; };
		81193EF52C36DBEF003298A9 /* CommentModelWithPrototype.swift */ = {isa = PBXFileReference; lastKnownFileType = sourcecode.swift; path = CommentModelWithPrototype.swift; sourceTree = "<group>"; };
		81DE7E112C2861C000BDF397 /* AlbumsModel.swift */ = {isa = PBXFileReference; lastKnownFileType = sourcecode.swift; path = AlbumsModel.swift; sourceTree = "<group>"; };
		81DE7E142C28622900BDF397 /* ToDosModel.swift */ = {isa = PBXFileReference; lastKnownFileType = sourcecode.swift; path = ToDosModel.swift; sourceTree = "<group>"; };
		81DE7E1B2C28639D00BDF397 /* Endpoints.swift */ = {isa = PBXFileReference; lastKnownFileType = sourcecode.swift; path = Endpoints.swift; sourceTree = "<group>"; };
		81DE7E1E2C28650400BDF397 /* AlbumsViewController.swift */ = {isa = PBXFileReference; lastKnownFileType = sourcecode.swift; path = AlbumsViewController.swift; sourceTree = "<group>"; };
		81DE7E202C28672D00BDF397 /* TabBarController.swift */ = {isa = PBXFileReference; lastKnownFileType = sourcecode.swift; path = TabBarController.swift; sourceTree = "<group>"; };
		81DE7E222C2867FE00BDF397 /* ToDosViewController.swift */ = {isa = PBXFileReference; lastKnownFileType = sourcecode.swift; path = ToDosViewController.swift; sourceTree = "<group>"; };
		81DE7E2A2C28779F00BDF397 /* NetworkErrors.swift */ = {isa = PBXFileReference; lastKnownFileType = sourcecode.swift; path = NetworkErrors.swift; sourceTree = "<group>"; };
		8E360B51270F2ED00034C4F3 /* PlaceholderApp.app */ = {isa = PBXFileReference; explicitFileType = wrapper.application; includeInIndex = 0; path = PlaceholderApp.app; sourceTree = BUILT_PRODUCTS_DIR; };
		8E360B54270F2ED00034C4F3 /* AppDelegate.swift */ = {isa = PBXFileReference; lastKnownFileType = sourcecode.swift; path = AppDelegate.swift; sourceTree = "<group>"; };
		8E360B56270F2ED00034C4F3 /* SceneDelegate.swift */ = {isa = PBXFileReference; lastKnownFileType = sourcecode.swift; path = SceneDelegate.swift; sourceTree = "<group>"; };
		8E360B58270F2ED00034C4F3 /* PostsViewController.swift */ = {isa = PBXFileReference; lastKnownFileType = sourcecode.swift; path = PostsViewController.swift; sourceTree = "<group>"; };
		8E360B5D270F2ED00034C4F3 /* Assets.xcassets */ = {isa = PBXFileReference; lastKnownFileType = folder.assetcatalog; path = Assets.xcassets; sourceTree = "<group>"; };
		8E360B62270F2ED00034C4F3 /* Info.plist */ = {isa = PBXFileReference; lastKnownFileType = text.plist.xml; path = Info.plist; sourceTree = "<group>"; };
		8E360B68270F2EEA0034C4F3 /* PostsModel.swift */ = {isa = PBXFileReference; lastKnownFileType = sourcecode.swift; path = PostsModel.swift; sourceTree = "<group>"; };
		8E360B6C270F36D00034C4F3 /* ApiService.swift */ = {isa = PBXFileReference; lastKnownFileType = sourcecode.swift; path = ApiService.swift; sourceTree = "<group>"; };
/* End PBXFileReference section */

/* Begin PBXFrameworksBuildPhase section */
		8E360B4E270F2ED00034C4F3 /* Frameworks */ = {
			isa = PBXFrameworksBuildPhase;
			buildActionMask = 2147483647;
			files = (
			);
			runOnlyForDeploymentPostprocessing = 0;
		};
/* End PBXFrameworksBuildPhase section */

/* Begin PBXGroup section */
		81193EB62C353A4A003298A9 /* Photo */ = {
			isa = PBXGroup;
			children = (
				81193EB92C353D72003298A9 /* PhotoNetwork.swift */,
			);
			path = Photo;
			sourceTree = "<group>";
		};
		81193ECC2C3547BC003298A9 /* Frameworks */ = {
			isa = PBXGroup;
			children = (
			);
			name = Frameworks;
			sourceTree = "<group>";
		};
		81193EF22C359492003298A9 /* TableView */ = {
			isa = PBXGroup;
			children = (
				81193EDF2C354BAA003298A9 /* PhotosTableViewCell.swift */,
			);
			path = TableView;
			sourceTree = "<group>";
		};
		81DE7E102C2861AC00BDF397 /* Models */ = {
			isa = PBXGroup;
			children = (
				8E360B68270F2EEA0034C4F3 /* PostsModel.swift */,
				81DE7E112C2861C000BDF397 /* AlbumsModel.swift */,
				81DE7E142C28622900BDF397 /* ToDosModel.swift */,
				81193E842C352BF5003298A9 /* PhotosModel.swift */,
				81193EF52C36DBEF003298A9 /* CommentModelWithPrototype.swift */,
			);
			path = Models;
			sourceTree = "<group>";
		};
		81DE7E182C2862A900BDF397 /* Delegates */ = {
			isa = PBXGroup;
			children = (
				8E360B54270F2ED00034C4F3 /* AppDelegate.swift */,
				8E360B56270F2ED00034C4F3 /* SceneDelegate.swift */,
				81DE7E202C28672D00BDF397 /* TabBarController.swift */,
			);
			path = Delegates;
			sourceTree = "<group>";
		};
		81DE7E192C2862BD00BDF397 /* ViewControllers */ = {
			isa = PBXGroup;
			children = (
				8E360B58270F2ED00034C4F3 /* PostsViewController.swift */,
				81DE7E1E2C28650400BDF397 /* AlbumsViewController.swift */,
				81DE7E222C2867FE00BDF397 /* ToDosViewController.swift */,
				81193E822C346EE0003298A9 /* PhotosViewController.swift */,
				81193EF22C359492003298A9 /* TableView */,
			);
			path = ViewControllers;
			sourceTree = "<group>";
		};
		81DE7E1A2C2862CC00BDF397 /* Network */ = {
			isa = PBXGroup;
			children = (
				81193EB62C353A4A003298A9 /* Photo */,
				81DE7E2A2C28779F00BDF397 /* NetworkErrors.swift */,
				81DE7E1B2C28639D00BDF397 /* Endpoints.swift */,
				81193EF32C36DA10003298A9 /* NetworkManager.swift */,
				8E360B6C270F36D00034C4F3 /* ApiService.swift */,
			);
			path = Network;
			sourceTree = "<group>";
		};
		8E360B48270F2ED00034C4F3 = {
			isa = PBXGroup;
			children = (
				8E360B53270F2ED00034C4F3 /* PlaceholderApp */,
				8E360B52270F2ED00034C4F3 /* Products */,
				81193ECC2C3547BC003298A9 /* Frameworks */,
			);
			sourceTree = "<group>";
		};
		8E360B52270F2ED00034C4F3 /* Products */ = {
			isa = PBXGroup;
			children = (
				8E360B51270F2ED00034C4F3 /* PlaceholderApp.app */,
			);
			name = Products;
			sourceTree = "<group>";
		};
		8E360B53270F2ED00034C4F3 /* PlaceholderApp */ = {
			isa = PBXGroup;
			children = (
				8E360B62270F2ED00034C4F3 /* Info.plist */,
				81DE7E1A2C2862CC00BDF397 /* Network */,
				81DE7E182C2862A900BDF397 /* Delegates */,
				81DE7E102C2861AC00BDF397 /* Models */,
				81DE7E192C2862BD00BDF397 /* ViewControllers */,
				8E360B5D270F2ED00034C4F3 /* Assets.xcassets */,
			);
			path = PlaceholderApp;
			sourceTree = "<group>";
		};
/* End PBXGroup section */

/* Begin PBXNativeTarget section */
		8E360B50270F2ED00034C4F3 /* PlaceholderApp */ = {
			isa = PBXNativeTarget;
			buildConfigurationList = 8E360B65270F2ED00034C4F3 /* Build configuration list for PBXNativeTarget "PlaceholderApp" */;
			buildPhases = (
				8E360B4D270F2ED00034C4F3 /* Sources */,
				8E360B4E270F2ED00034C4F3 /* Frameworks */,
				8E360B4F270F2ED00034C4F3 /* Resources */,
				81193ECB2C354701003298A9 /* Embed Frameworks */,
			);
			buildRules = (
			);
			dependencies = (
			);
			name = PlaceholderApp;
			packageProductDependencies = (
			);
			productName = UiKitRestApiApp;
			productReference = 8E360B51270F2ED00034C4F3 /* PlaceholderApp.app */;
			productType = "com.apple.product-type.application";
		};
/* End PBXNativeTarget section */

/* Begin PBXProject section */
		8E360B49270F2ED00034C4F3 /* Project object */ = {
			isa = PBXProject;
			attributes = {
				BuildIndependentTargetsInParallel = 1;
				LastSwiftUpdateCheck = 1300;
				LastUpgradeCheck = 1540;
				TargetAttributes = {
					8E360B50270F2ED00034C4F3 = {
						CreatedOnToolsVersion = 13.0;
					};
				};
			};
			buildConfigurationList = 8E360B4C270F2ED00034C4F3 /* Build configuration list for PBXProject "PlaceholderApp" */;
			compatibilityVersion = "Xcode 13.0";
			developmentRegion = en;
			hasScannedForEncodings = 0;
			knownRegions = (
				en,
				Base,
			);
			mainGroup = 8E360B48270F2ED00034C4F3;
			packageReferences = (
			);
			productRefGroup = 8E360B52270F2ED00034C4F3 /* Products */;
			projectDirPath = "";
			projectRoot = "";
			targets = (
				8E360B50270F2ED00034C4F3 /* PlaceholderApp */,
			);
		};
/* End PBXProject section */

/* Begin PBXResourcesBuildPhase section */
		8E360B4F270F2ED00034C4F3 /* Resources */ = {
			isa = PBXResourcesBuildPhase;
			buildActionMask = 2147483647;
			files = (
				8E360B5E270F2ED00034C4F3 /* Assets.xcassets in Resources */,
			);
			runOnlyForDeploymentPostprocessing = 0;
		};
/* End PBXResourcesBuildPhase section */

/* Begin PBXSourcesBuildPhase section */
		8E360B4D270F2ED00034C4F3 /* Sources */ = {
			isa = PBXSourcesBuildPhase;
			buildActionMask = 2147483647;
			files = (
				81193EBA2C353D72003298A9 /* PhotoNetwork.swift in Sources */,
				81193E852C352BF5003298A9 /* PhotosModel.swift in Sources */,
				81DE7E232C2867FE00BDF397 /* ToDosViewController.swift in Sources */,
				81193E832C346EE0003298A9 /* PhotosViewController.swift in Sources */,
				81193EE02C354BAA003298A9 /* PhotosTableViewCell.swift in Sources */,
				8E360B59270F2ED00034C4F3 /* PostsViewController.swift in Sources */,
				81193EF62C36DBEF003298A9 /* CommentModelWithPrototype.swift in Sources */,
				81DE7E1F2C28650400BDF397 /* AlbumsViewController.swift in Sources */,
				8E360B6D270F36D00034C4F3 /* ApiService.swift in Sources */,
				81DE7E1C2C28639D00BDF397 /* Endpoints.swift in Sources */,
				8E360B55270F2ED00034C4F3 /* AppDelegate.swift in Sources */,
				81193EF42C36DA10003298A9 /* NetworkManager.swift in Sources */,
				8E360B57270F2ED00034C4F3 /* SceneDelegate.swift in Sources */,
				81DE7E2B2C28779F00BDF397 /* NetworkErrors.swift in Sources */,
				81DE7E152C28622900BDF397 /* ToDosModel.swift in Sources */,
				81DE7E212C28672D00BDF397 /* TabBarController.swift in Sources */,
				81DE7E122C2861C000BDF397 /* AlbumsModel.swift in Sources */,
				8E360B69270F2EEA0034C4F3 /* PostsModel.swift in Sources */,
			);
			runOnlyForDeploymentPostprocessing = 0;
		};
/* End PBXSourcesBuildPhase section */

/* Begin XCBuildConfiguration section */
		8E360B63270F2ED00034C4F3 /* Debug */ = {
			isa = XCBuildConfiguration;
			buildSettings = {
				ALWAYS_SEARCH_USER_PATHS = NO;
				CLANG_ANALYZER_NONNULL = YES;
				CLANG_ANALYZER_NUMBER_OBJECT_CONVERSION = YES_AGGRESSIVE;
				CLANG_CXX_LANGUAGE_STANDARD = "gnu++17";
				CLANG_CXX_LIBRARY = "libc++";
				CLANG_ENABLE_MODULES = YES;
				CLANG_ENABLE_OBJC_ARC = YES;
				CLANG_ENABLE_OBJC_WEAK = YES;
				CLANG_WARN_BLOCK_CAPTURE_AUTORELEASING = YES;
				CLANG_WARN_BOOL_CONVERSION = YES;
				CLANG_WARN_COMMA = YES;
				CLANG_WARN_CONSTANT_CONVERSION = YES;
				CLANG_WARN_DEPRECATED_OBJC_IMPLEMENTATIONS = YES;
				CLANG_WARN_DIRECT_OBJC_ISA_USAGE = YES_ERROR;
				CLANG_WARN_DOCUMENTATION_COMMENTS = YES;
				CLANG_WARN_EMPTY_BODY = YES;
				CLANG_WARN_ENUM_CONVERSION = YES;
				CLANG_WARN_INFINITE_RECURSION = YES;
				CLANG_WARN_INT_CONVERSION = YES;
				CLANG_WARN_NON_LITERAL_NULL_CONVERSION = YES;
				CLANG_WARN_OBJC_IMPLICIT_RETAIN_SELF = YES;
				CLANG_WARN_OBJC_LITERAL_CONVERSION = YES;
				CLANG_WARN_OBJC_ROOT_CLASS = YES_ERROR;
				CLANG_WARN_QUOTED_INCLUDE_IN_FRAMEWORK_HEADER = YES;
				CLANG_WARN_RANGE_LOOP_ANALYSIS = YES;
				CLANG_WARN_STRICT_PROTOTYPES = YES;
				CLANG_WARN_SUSPICIOUS_MOVE = YES;
				CLANG_WARN_UNGUARDED_AVAILABILITY = YES_AGGRESSIVE;
				CLANG_WARN_UNREACHABLE_CODE = YES;
				CLANG_WARN__DUPLICATE_METHOD_MATCH = YES;
				COPY_PHASE_STRIP = NO;
				DEBUG_INFORMATION_FORMAT = dwarf;
				ENABLE_STRICT_OBJC_MSGSEND = YES;
				ENABLE_TESTABILITY = YES;
				ENABLE_USER_SCRIPT_SANDBOXING = YES;
				GCC_C_LANGUAGE_STANDARD = gnu11;
				GCC_DYNAMIC_NO_PIC = NO;
				GCC_NO_COMMON_BLOCKS = YES;
				GCC_OPTIMIZATION_LEVEL = 0;
				GCC_PREPROCESSOR_DEFINITIONS = (
					"DEBUG=1",
					"$(inherited)",
				);
				GCC_WARN_64_TO_32_BIT_CONVERSION = YES;
				GCC_WARN_ABOUT_RETURN_TYPE = YES_ERROR;
				GCC_WARN_UNDECLARED_SELECTOR = YES;
				GCC_WARN_UNINITIALIZED_AUTOS = YES_AGGRESSIVE;
				GCC_WARN_UNUSED_FUNCTION = YES;
				GCC_WARN_UNUSED_VARIABLE = YES;
				IPHONEOS_DEPLOYMENT_TARGET = 17.0;
				MTL_ENABLE_DEBUG_INFO = INCLUDE_SOURCE;
				MTL_FAST_MATH = YES;
				ONLY_ACTIVE_ARCH = YES;
				SDKROOT = iphoneos;
				SWIFT_ACTIVE_COMPILATION_CONDITIONS = DEBUG;
				SWIFT_OPTIMIZATION_LEVEL = "-Onone";
			};
			name = Debug;
		};
		8E360B64270F2ED00034C4F3 /* Release */ = {
			isa = XCBuildConfiguration;
			buildSettings = {
				ALWAYS_SEARCH_USER_PATHS = NO;
				CLANG_ANALYZER_NONNULL = YES;
				CLANG_ANALYZER_NUMBER_OBJECT_CONVERSION = YES_AGGRESSIVE;
				CLANG_CXX_LANGUAGE_STANDARD = "gnu++17";
				CLANG_CXX_LIBRARY = "libc++";
				CLANG_ENABLE_MODULES = YES;
				CLANG_ENABLE_OBJC_ARC = YES;
				CLANG_ENABLE_OBJC_WEAK = YES;
				CLANG_WARN_BLOCK_CAPTURE_AUTORELEASING = YES;
				CLANG_WARN_BOOL_CONVERSION = YES;
				CLANG_WARN_COMMA = YES;
				CLANG_WARN_CONSTANT_CONVERSION = YES;
				CLANG_WARN_DEPRECATED_OBJC_IMPLEMENTATIONS = YES;
				CLANG_WARN_DIRECT_OBJC_ISA_USAGE = YES_ERROR;
				CLANG_WARN_DOCUMENTATION_COMMENTS = YES;
				CLANG_WARN_EMPTY_BODY = YES;
				CLANG_WARN_ENUM_CONVERSION = YES;
				CLANG_WARN_INFINITE_RECURSION = YES;
				CLANG_WARN_INT_CONVERSION = YES;
				CLANG_WARN_NON_LITERAL_NULL_CONVERSION = YES;
				CLANG_WARN_OBJC_IMPLICIT_RETAIN_SELF = YES;
				CLANG_WARN_OBJC_LITERAL_CONVERSION = YES;
				CLANG_WARN_OBJC_ROOT_CLASS = YES_ERROR;
				CLANG_WARN_QUOTED_INCLUDE_IN_FRAMEWORK_HEADER = YES;
				CLANG_WARN_RANGE_LOOP_ANALYSIS = YES;
				CLANG_WARN_STRICT_PROTOTYPES = YES;
				CLANG_WARN_SUSPICIOUS_MOVE = YES;
				CLANG_WARN_UNGUARDED_AVAILABILITY = YES_AGGRESSIVE;
				CLANG_WARN_UNREACHABLE_CODE = YES;
				CLANG_WARN__DUPLICATE_METHOD_MATCH = YES;
				COPY_PHASE_STRIP = NO;
				DEBUG_INFORMATION_FORMAT = "dwarf-with-dsym";
				ENABLE_NS_ASSERTIONS = NO;
				ENABLE_STRICT_OBJC_MSGSEND = YES;
				ENABLE_USER_SCRIPT_SANDBOXING = YES;
				GCC_C_LANGUAGE_STANDARD = gnu11;
				GCC_NO_COMMON_BLOCKS = YES;
				GCC_WARN_64_TO_32_BIT_CONVERSION = YES;
				GCC_WARN_ABOUT_RETURN_TYPE = YES_ERROR;
				GCC_WARN_UNDECLARED_SELECTOR = YES;
				GCC_WARN_UNINITIALIZED_AUTOS = YES_AGGRESSIVE;
				GCC_WARN_UNUSED_FUNCTION = YES;
				GCC_WARN_UNUSED_VARIABLE = YES;
				IPHONEOS_DEPLOYMENT_TARGET = 17.0;
				MTL_ENABLE_DEBUG_INFO = NO;
				MTL_FAST_MATH = YES;
				SDKROOT = iphoneos;
				SWIFT_COMPILATION_MODE = wholemodule;
				SWIFT_OPTIMIZATION_LEVEL = "-O";
				VALIDATE_PRODUCT = YES;
			};
			name = Release;
		};
		8E360B66270F2ED00034C4F3 /* Debug */ = {
			isa = XCBuildConfiguration;
			buildSettings = {
				ASSETCATALOG_COMPILER_APPICON_NAME = AppIcon;
				ASSETCATALOG_COMPILER_GLOBAL_ACCENT_COLOR_NAME = AccentColor;
				CODE_SIGN_STYLE = Automatic;
				CURRENT_PROJECT_VERSION = 1;
				DEVELOPMENT_TEAM = T4TAYQYD49;
				GENERATE_INFOPLIST_FILE = YES;
				INFOPLIST_FILE = PlaceholderApp/Info.plist;
				INFOPLIST_KEY_UIApplicationSupportsIndirectInputEvents = NO;
				INFOPLIST_KEY_UILaunchStoryboardName = LaunchScreen;
				INFOPLIST_KEY_UISupportedInterfaceOrientations = UIInterfaceOrientationPortrait;
				INFOPLIST_KEY_UISupportedInterfaceOrientations_iPad = "UIInterfaceOrientationPortrait UIInterfaceOrientationPortraitUpsideDown UIInterfaceOrientationLandscapeLeft UIInterfaceOrientationLandscapeRight";
				INFOPLIST_KEY_UISupportedInterfaceOrientations_iPhone = "UIInterfaceOrientationPortrait UIInterfaceOrientationLandscapeLeft UIInterfaceOrientationLandscapeRight";
				LD_RUNPATH_SEARCH_PATHS = (
					"$(inherited)",
					"@executable_path/Frameworks",
				);
				MARKETING_VERSION = 1.0;
				PRODUCT_BUNDLE_IDENTIFIER = com.otus.homework;
				PRODUCT_NAME = "$(TARGET_NAME)";
				SWIFT_EMIT_LOC_STRINGS = YES;
				SWIFT_VERSION = 5.0;
				TARGETED_DEVICE_FAMILY = "1,2";
			};
			name = Debug;
		};
		8E360B67270F2ED00034C4F3 /* Release */ = {
			isa = XCBuildConfiguration;
			buildSettings = {
				ASSETCATALOG_COMPILER_APPICON_NAME = AppIcon;
				ASSETCATALOG_COMPILER_GLOBAL_ACCENT_COLOR_NAME = AccentColor;
				CODE_SIGN_STYLE = Automatic;
				CURRENT_PROJECT_VERSION = 1;
				DEVELOPMENT_TEAM = T4TAYQYD49;
				GENERATE_INFOPLIST_FILE = YES;
				INFOPLIST_FILE = PlaceholderApp/Info.plist;
				INFOPLIST_KEY_UIApplicationSupportsIndirectInputEvents = NO;
				INFOPLIST_KEY_UILaunchStoryboardName = LaunchScreen;
				INFOPLIST_KEY_UISupportedInterfaceOrientations = UIInterfaceOrientationPortrait;
				INFOPLIST_KEY_UISupportedInterfaceOrientations_iPad = "UIInterfaceOrientationPortrait UIInterfaceOrientationPortraitUpsideDown UIInterfaceOrientationLandscapeLeft UIInterfaceOrientationLandscapeRight";
				INFOPLIST_KEY_UISupportedInterfaceOrientations_iPhone = "UIInterfaceOrientationPortrait UIInterfaceOrientationLandscapeLeft UIInterfaceOrientationLandscapeRight";
				LD_RUNPATH_SEARCH_PATHS = (
					"$(inherited)",
					"@executable_path/Frameworks",
				);
				MARKETING_VERSION = 1.0;
				PRODUCT_BUNDLE_IDENTIFIER = com.otus.homework;
				PRODUCT_NAME = "$(TARGET_NAME)";
				SWIFT_EMIT_LOC_STRINGS = YES;
				SWIFT_VERSION = 5.0;
				TARGETED_DEVICE_FAMILY = "1,2";
			};
			name = Release;
		};
/* End XCBuildConfiguration section */

/* Begin XCConfigurationList section */
		8E360B4C270F2ED00034C4F3 /* Build configuration list for PBXProject "PlaceholderApp" */ = {
			isa = XCConfigurationList;
			buildConfigurations = (
				8E360B63270F2ED00034C4F3 /* Debug */,
				8E360B64270F2ED00034C4F3 /* Release */,
			);
			defaultConfigurationIsVisible = 0;
			defaultConfigurationName = Debug;
		};
		8E360B65270F2ED00034C4F3 /* Build configuration list for PBXNativeTarget "PlaceholderApp" */ = {
			isa = XCConfigurationList;
			buildConfigurations = (
				8E360B66270F2ED00034C4F3 /* Debug */,
				8E360B67270F2ED00034C4F3 /* Release */,
			);
			defaultConfigurationIsVisible = 0;
			defaultConfigurationName = Debug;
		};
/* End XCConfigurationList section */
	};
	rootObject = 8E360B49270F2ED00034C4F3 /* Project object */;
}
